{
  "name": "@writetome51/open-array-content",
  "version": "1.0.1",
  "lockfileVersion": 1,
  "requires": true,
  "dependencies": {
    "@writetome51/array-and-index-validation": {
      "version": "1.0.2",
      "resolved": "https://registry.npmjs.org/@writetome51/array-and-index-validation/-/array-and-index-validation-1.0.2.tgz",
      "integrity": "sha512-KHeEgYH93DLtHlEPryaabfIDdTx4mhmy98xsxlA9wvEjmu5yjM4XzjhLRIQlqzOCjEpwKJZT5Zs/hDXWcHA68g==",
      "requires": {
        "basic-data-handling": "^1.0.12"
      }
    },
    "@writetome51/array-get-adjacent-at": {
      "version": "1.0.0",
      "resolved": "https://registry.npmjs.org/@writetome51/array-get-adjacent-at/-/array-get-adjacent-at-1.0.0.tgz",
      "integrity": "sha512-X0zdgXNSKDJW5QSJfZmeDPeH7+y/JBYgqaqP2JZ3xR0VH07JbyfWg/UTnbRXUWM3Trx43sFfiOdmp6M9UlDjNQ==",
      "requires": {
        "@writetome51/array-and-index-validation": "^1.0.2",
        "basic-data-handling": "^1.0.12"
      }
    },
    "@writetome51/array-get-indexes-basic": {
      "version": "1.0.5",
      "resolved": "https://registry.npmjs.org/@writetome51/array-get-indexes-basic/-/array-get-indexes-basic-1.0.5.tgz",
      "integrity": "sha512-AG9IsuqRdFqK4ifDiiJ9YMQjo5JRNIlpXAgAn+3DfwN0uy02oLsvci9N2UQBruLKsXFEoAIPxrOtbZOVvK/dfg==",
      "requires": {
        "@writetome51/arrays-match": "^1.0.1",
        "basic-data-handling": "^1.0.12",
        "error-if-not-primitive-or-array": "^1.0.0",
        "error-if-values-are-not-arrays": "^1.0.0"
      }
    },
    "@writetome51/array-get-indexes-intermediate": {
      "version": "1.0.3",
      "resolved": "https://registry.npmjs.org/@writetome51/array-get-indexes-intermediate/-/array-get-indexes-intermediate-1.0.3.tgz",
      "integrity": "sha512-l3B8888AUZh2/elAcdzS7USJV/kGCT2IAkEEJ6Y7oHbIZLQ8G0ieFYBZ5P2MB7KC1zY3RCeWaj1QyhqAuLSMyw==",
      "requires": {
        "@writetome51/array-get-indexes-basic": "^1.0.5",
        "@writetome51/arrays-match": "^1.0.1",
        "basic-data-handling": "^1.0.12",
        "error-if-not-primitive-or-array": "^1.0.0"
      }
    },
    "@writetome51/array-has": {
      "version": "1.0.2",
      "resolved": "https://registry.npmjs.org/@writetome51/array-has/-/array-has-1.0.2.tgz",
      "integrity": "sha512-YWnhmC8QSjde83zgOJSaUzkdhin7kt33/ZKIivhS7o40y7ywpi7T3x1XkyCHk9AIUq/Q+swbrAnBW3MHRFXm8g==",
      "requires": {
        "@writetome51/array-get-adjacent-at": "^1.0.0",
        "@writetome51/array-get-indexes-intermediate": "^1.0.3",
        "@writetome51/arrays-match": "^1.0.1",
        "basic-data-handling": "^1.0.12"
      }
    },
    "@writetome51/array-non-modifying-getters-basic": {
      "version": "1.0.2",
      "resolved": "https://registry.npmjs.org/@writetome51/array-non-modifying-getters-basic/-/array-non-modifying-getters-basic-1.0.2.tgz",
      "integrity": "sha512-B57RVczk86HBlBO2MJOCHyyJqSbICeCQ/IaxDQd0FGIKGKrgHbrISxB05eXubvmKU0R6yECvKeiCvFutppkvwg==",
      "requires": {
        "@writetome51/array-and-index-validation": "^1.0.2",
        "basic-data-handling": "^1.0.12"
      }
    },
    "@writetome51/array-starts-with-ends-with": {
      "version": "1.0.0",
      "resolved": "https://registry.npmjs.org/@writetome51/array-starts-with-ends-with/-/array-starts-with-ends-with-1.0.0.tgz",
      "integrity": "sha512-R5p+vFltpvm/mItC4M8c0mEYtu4N5kmAagTlbYH1zjXqOgsgRhhP7ImeY3Ws+/rKgvAJ3c/+ryOyRJ1vkZa8tA==",
      "requires": {
        "@writetome51/array-and-index-validation": "^1.0.2",
        "@writetome51/array-non-modifying-getters-basic": "^1.0.2",
        "@writetome51/arrays-match": "^1.0.1",
        "basic-data-handling": "^1.0.12"
      }
    },
    "@writetome51/arrays-match": {
      "version": "1.0.1",
      "resolved": "https://registry.npmjs.org/@writetome51/arrays-match/-/arrays-match-1.0.1.tgz",
      "integrity": "sha512-t3zYAJUQwqKK5PNqjXopxpgnIVmlDcyfe2FjbRc+HrXpY333lwIzzBjy29SjvM1CF/dW72uxmk577Lpp/WctUw==",
      "requires": {
        "basic-data-handling": "^1.0.12",
        "error-if-values-are-not-arrays": "^1.0.0"
      }
    },
    "@writetome51/open-array-container": {
      "version": "1.0.0",
      "resolved": "https://registry.npmjs.org/@writetome51/open-array-container/-/open-array-container-1.0.0.tgz",
      "integrity": "sha512-RfRsDNLfr4JViKQToGoS/9L6kFypwWzsP5mErNHQ/QtoDYQXZEk1tT/a13iEBPBtn8jxYwsF2lWdS6XD7f1FWA==",
      "requires": {
        "basic-data-handling": "^1.0.12",
        "batch-getter-setter": "^1.0.0",
        "open-data-container-interface": "^1.0.0"
      }
    },
    "basic-data-handling": {
      "version": "1.0.12",
      "resolved": "https://registry.npmjs.org/basic-data-handling/-/basic-data-handling-1.0.12.tgz",
      "integrity": "sha512-zeWSs51vDmRqvDkIewERsygFb5NDT24QbZZvZ7fz/Wusxy1yHvPDOhE46lJiBE+l+1CEQv96ZUES4IFvbRGMvA=="
    },
    "batch-getter-setter": {
      "version": "1.0.0",
      "resolved": "https://registry.npmjs.org/batch-getter-setter/-/batch-getter-setter-1.0.0.tgz",
      "integrity": "sha512-o4a6NURLje2lxgngkTknmT4DKv4pAekj+1YqU0UIPNmeAMW2SvyaNqeCVcA0x5pkTYcSu/0bvMGzSc4e3H8H1g==",
      "requires": {
        "method-chainable": "^1.0.0"
      }
    },
    "error-if-not-primitive-or-array": {
      "version": "1.0.0",
      "resolved": "https://registry.npmjs.org/error-if-not-primitive-or-array/-/error-if-not-primitive-or-array-1.0.0.tgz",
      "integrity": "sha512-qYK8Pn22vPRHn+GBZMMYXEilIo5LwwVZ0ZwzuyQ5ZgA5Y2bdmE09S1YLVUOrkd0mcBBGBPIb8rBPqgtSAECPYQ==",
      "requires": {
        "basic-data-handling": "^1.0.12"
      }
    },
    "error-if-values-are-not-arrays": {
      "version": "1.0.0",
      "resolved": "https://registry.npmjs.org/error-if-values-are-not-arrays/-/error-if-values-are-not-arrays-1.0.0.tgz",
      "integrity": "sha512-Q1KHFzQWIZXb62qb259NRjcfE1UKa7CZVKGU8zgUoejYW++wpz/vIa5GvscNzigbO2jMgDXRlHxPC59aU7pP0w==",
      "requires": {
        "basic-data-handling": "^1.0.12"
      }
    },
    "method-chainable": {
      "version": "1.0.0",
      "resolved": "https://registry.npmjs.org/method-chainable/-/method-chainable-1.0.0.tgz",
      "integrity": "sha512-h1CpqXp1BFqFAlkQL6lydba1Qh/iLj1TjLZzQgCwfzahGF1oTT9ry5YWIbdDyQ3hqMpS5OM8rIEb/Hiz2L9N7Q==",
      "requires": {
        "self-identifiable": "^1.0.1"
      }
    },
    "open-data-container-interface": {
      "version": "1.0.0",
      "resolved": "https://registry.npmjs.org/open-data-container-interface/-/open-data-container-interface-1.0.0.tgz",
      "integrity": "sha512-IYE3nUic2oHS4wUsNtZAEBrJCIGe7CchoPDvpoYcHuZjib7pFaYbLMjVoixusQhtutwmlCreu/FDqGWk9OjW+w=="
    },
    "self-identifiable": {
      "version": "1.0.1",
      "resolved": "https://registry.npmjs.org/self-identifiable/-/self-identifiable-1.0.1.tgz",
      "integrity": "sha512-I3Rvcu0CKKBbRZJ/rS1PGY5vc/DFDW9/ioYNgPueR5bMds/qdpDMHNhlYT9fb7nDms6X6k3F5lJAL9j7M17pbQ=="
    }
  }
}
