{
  "name": "@writetome51/public-array-content",
  "version": "2.1.2",
  "lockfileVersion": 1,
  "requires": true,
  "dependencies": {
    "@writetome51/array-append-prepend": {
      "version": "1.0.5",
      "resolved": "https://registry.npmjs.org/@writetome51/array-append-prepend/-/array-append-prepend-1.0.5.tgz",
      "integrity": "sha512-AKOKTb+ZU0d8v4hOUIJ+6BDkG7Pm0ROaL0Hf5OGD/XKzT8kAbqzGu+i2N6Wfrn8cndJHPGpSPK1rX+vFipDI0A==",
      "requires": {
        "error-if-values-are-not-arrays": "~1.0.2"
      }
    },
    "@writetome51/array-get-adjacent-at": {
      "version": "1.0.4",
      "resolved": "https://registry.npmjs.org/@writetome51/array-get-adjacent-at/-/array-get-adjacent-at-1.0.4.tgz",
      "integrity": "sha512-VM6NPJ12Xkxlvc1m0pRIbDP9IjLCmZSUNdIE9WddLCL2o9XF/usgeBJ77znxzrGPg6QO2gL8VYpuJymRDDsN9Q==",
      "requires": {
        "error-if-array-too-short-to-meet-adjacent-items-request": "~1.0.1",
        "error-if-index-how-many-or-array-are-not-valid": "~1.0.0"
      }
    },
    "@writetome51/array-get-and-remove-adjacent-at": {
      "version": "1.0.5",
      "resolved": "https://registry.npmjs.org/@writetome51/array-get-and-remove-adjacent-at/-/array-get-and-remove-adjacent-at-1.0.5.tgz",
      "integrity": "sha512-LdgyGlIEqKi+KU+JZgaM8EgDSz168BvGQlXqBgyeAgx0RaFQV6P8cauPmZaMEPsIiUnVB+2u0aEFzVHLFEFYaA==",
      "requires": {
        "error-if-array-too-short-to-meet-adjacent-items-request": "~1.0.1",
        "error-if-index-how-many-or-array-are-not-valid": "~1.0.0"
      }
    },
    "@writetome51/array-get-and-remove-by-index": {
      "version": "1.0.3",
      "resolved": "https://registry.npmjs.org/@writetome51/array-get-and-remove-by-index/-/array-get-and-remove-by-index-1.0.3.tgz",
      "integrity": "sha512-P7h4dpOi916RdO5qcEcrnw6UjC0PM1iDYM2jZyHZigKac3nN6XwBZrFbMsWXKECz1Oz9y8f+HlGu+cPOBefbyA==",
      "requires": {
        "@writetome51/array-get-and-remove-adjacent-at": "~1.0.4"
      }
    },
    "@writetome51/array-get-copy": {
      "version": "1.1.3",
      "resolved": "https://registry.npmjs.org/@writetome51/array-get-copy/-/array-get-copy-1.1.3.tgz",
      "integrity": "sha512-ulwqCOpeB2V+2QkCCaMLzW42OaC3WnKGnPebyBX7yxoWm8/rsTBogqaHYQCPs1/h/cKCVdpnl4zyy9dLWVwCbA==",
      "requires": {
        "@writetome51/array-get-merged-arrays": "~1.1.3",
        "error-if-not-array": "~1.0.0"
      }
    },
    "@writetome51/array-get-head-tail": {
      "version": "1.0.5",
      "resolved": "https://registry.npmjs.org/@writetome51/array-get-head-tail/-/array-get-head-tail-1.0.5.tgz",
      "integrity": "sha512-canuxZ6ER0XkhXuHKC3KVLSNGrILlhlzQ3haPJZ7cOfLS6X40848849Wxf1oid7t3NTj+9S5Y+n6C78cXNLv6g==",
      "requires": {
        "@writetome51/array-get-adjacent-at": "~1.0.3"
      }
    },
    "@writetome51/array-get-indexes": {
      "version": "1.0.2",
      "resolved": "https://registry.npmjs.org/@writetome51/array-get-indexes/-/array-get-indexes-1.0.2.tgz",
      "integrity": "sha512-z7VjDR+z6nOtTESWdZ62pF1pGVxeRr9C9pqoNzmRD3mi64/juqs7TM/727AzJJK7rN/xf4g24y27fyaavx3/YA==",
      "requires": {
        "@writetome51/array-get-copy": "~1.1.2",
        "@writetome51/arrays-match": "~1.0.5",
        "@writetome51/is-array-not-array": "~1.0.0",
        "error-if-not-array": "~1.0.0",
        "error-if-not-function": "~1.0.0",
        "error-if-not-integer": "~1.0.0",
        "error-if-not-populated-array": "~1.0.1",
        "error-if-not-primitive": "~1.0.0",
        "error-if-not-primitive-or-array": "~1.0.2"
      }
    },
    "@writetome51/array-get-merged-arrays": {
      "version": "1.1.3",
      "resolved": "https://registry.npmjs.org/@writetome51/array-get-merged-arrays/-/array-get-merged-arrays-1.1.3.tgz",
      "integrity": "sha512-wr8F9SnZI0TkwtLfV9jSOfXYZZEglH6Tw4KiI4e2LdLpdKVMBJwNi2kN+5GgZsdxK70S6BRDKDKBJ0tz9gnJXQ==",
      "requires": {
        "error-if-not-array": "~1.0.0"
      }
    },
    "@writetome51/array-has": {
      "version": "1.0.8",
      "resolved": "https://registry.npmjs.org/@writetome51/array-has/-/array-has-1.0.8.tgz",
      "integrity": "sha512-whYh+jfvXKDRdENQ1hBmSs0uGd+8AvDJjYP+nxpxyBQwJxKsXLJrfKi7b3+BBspMM6ujjgggKgoYihynDLpwpQ==",
      "requires": {
        "@writetome51/array-get-adjacent-at": "~1.0.4",
        "@writetome51/array-get-indexes": "~1.0.2",
        "@writetome51/arrays-match": "~1.0.6",
        "@writetome51/is-empty-not-empty": "~1.0.0",
        "error-if-not-array": "~1.0.0"
      }
    },
    "@writetome51/array-insert-at": {
      "version": "2.0.3",
      "resolved": "https://registry.npmjs.org/@writetome51/array-insert-at/-/array-insert-at-2.0.3.tgz",
      "integrity": "sha512-4WyL4UL/U3ymMQl3i2xMQ2xSx3X+MSsrK6EV84K7rxAb/g3L+LoPbkAF19eU6KerdIZ3Aw5OXaIAPkyGFAbB2Q==",
      "requires": {
        "error-if-index-not-valid": "~1.0.0",
        "error-if-values-are-not-arrays": "~1.0.3"
      }
    },
    "@writetome51/array-move-by-index": {
      "version": "1.0.2",
      "resolved": "https://registry.npmjs.org/@writetome51/array-move-by-index/-/array-move-by-index-1.0.2.tgz",
      "integrity": "sha512-x3lROgCDK7sPloBI26Q2gnt7s8KxMwPXpoY7JBH3qCbm/uWksWw9oWQc5eJ/epiaJH+jZo0sY2waXBKYYzFU2w==",
      "requires": {
        "@writetome51/array-get-and-remove-by-index": "~1.0.3",
        "@writetome51/array-insert-at": "~2.0.3",
        "error-if-index-not-valid": "~1.0.0"
      }
    },
    "@writetome51/array-starts-with-ends-with": {
      "version": "1.1.3",
      "resolved": "https://registry.npmjs.org/@writetome51/array-starts-with-ends-with/-/array-starts-with-ends-with-1.1.3.tgz",
      "integrity": "sha512-WSHVlTz8e/dUc6bL22IMhPLuOpkcZGbCdS2xOMMY8lpKuq1OuD/VZR0f1yvdNM/jGC55Cbnk4+3nSaqGnnjjbQ==",
      "requires": {
        "@writetome51/array-get-head-tail": "~1.0.5",
        "@writetome51/arrays-match": "~1.0.6",
        "@writetome51/is-empty-not-empty": "~1.0.0",
        "error-if-array-too-short-to-meet-adjacent-items-request": "~1.0.1"
      }
    },
    "@writetome51/arrays-match": {
      "version": "1.0.6",
      "resolved": "https://registry.npmjs.org/@writetome51/arrays-match/-/arrays-match-1.0.6.tgz",
      "integrity": "sha512-W5UxnYVYO/PZBXxI3kGt6O2dn++yN/gX8HTMw8wp0EiliAEwb1xz6dllnSbUfFOvFI9Wijp5TLRL/r8l3XcLag==",
      "requires": {
        "@writetome51/is-array-not-array": "~1.0.0",
        "@writetome51/is-empty-not-empty": "~1.0.0",
        "error-if-values-are-not-arrays": "~1.0.2"
      }
    },
    "@writetome51/base-class": {
      "version": "0.0.3",
      "resolved": "https://registry.npmjs.org/@writetome51/base-class/-/base-class-0.0.3.tgz",
      "integrity": "sha512-Z8WEg7FHtCq32gs55+CCRs4Vq9kOjLuDytzIjfgaYjNhOqjx2wI2sCD7c7x4qOuQ02yUmjilr2HN/nopjax2UA=="
    },
    "@writetome51/index-is-valid": {
      "version": "1.0.1",
      "resolved": "https://registry.npmjs.org/@writetome51/index-is-valid/-/index-is-valid-1.0.1.tgz",
      "integrity": "sha512-2w7rcK92z+24wi39fSTVGqv7mqRZGu4KdmKriCdMa2ajmiM467xm31GDstJ5OlFpOqjKzge0j7+IExfT5ItI6Q==",
      "requires": {
        "error-if-not-integer": "~1.0.0"
      }
    },
    "@writetome51/is-array-not-array": {
      "version": "1.0.0",
      "resolved": "https://registry.npmjs.org/@writetome51/is-array-not-array/-/is-array-not-array-1.0.0.tgz",
      "integrity": "sha512-u3L1FTbTXKbC1lBVSnBwJ24qtrnyz10IbSAk7E9UgoYnn7jFw9+HuIVseoSIxPnPbn6JXesPDVLI/MYSey4rJQ=="
    },
    "@writetome51/is-empty-not-empty": {
      "version": "1.0.0",
      "resolved": "https://registry.npmjs.org/@writetome51/is-empty-not-empty/-/is-empty-not-empty-1.0.0.tgz",
      "integrity": "sha512-BHPiP5bHtY5+CMUpfMlMfnU+i/9aKtQTgPy+DSlnAe1u49afxLebO70CSK8c5qbFyQizoN1HEX1cbZiyY8jsfw==",
      "requires": {
        "error-if-not-integer-zero-or-greater": "~1.0.0"
      }
    },
    "@writetome51/is-finite-number": {
      "version": "1.0.0",
      "resolved": "https://registry.npmjs.org/@writetome51/is-finite-number/-/is-finite-number-1.0.0.tgz",
      "integrity": "sha512-xr1amNVh4HAfVbv9YbzGPvyo0gRykdwODNap3xMlhXIHkZJIuEsfRpuQzPkiEf+AWDxy/dcdwzVP9JMOnu8dUg=="
    },
    "@writetome51/is-integer-is-float": {
      "version": "1.0.0",
      "resolved": "https://registry.npmjs.org/@writetome51/is-integer-is-float/-/is-integer-is-float-1.0.0.tgz",
      "integrity": "sha512-j2qLoQaxXzwctUkWvj6Ce02qhoO0e79jCC1aHYG5wD0tapjlKSHfmXeV22Wtnba/Hg+ajSxvMYAhczKwBwa9pA==",
      "requires": {
        "@writetome51/is-finite-number": "~1.0.0"
      }
    },
    "@writetome51/public-array-container": {
      "version": "2.0.3",
      "resolved": "https://registry.npmjs.org/@writetome51/public-array-container/-/public-array-container-2.0.3.tgz",
      "integrity": "sha512-msdhpa2/Q4N2COJbpQ0tabA6jE+gCdZzcuL/OFt4PcnhTFnf8WLMNjmGwA3qsqIQl7VQDO/XOfpFpQ9ICnQ9sw==",
      "requires": {
        "@writetome51/base-class": "~0.0.3",
        "error-if-not-array": "~1.0.0",
        "public-data-container-interface": "~1.0.3"
      }
    },
    "@writetome51/set-array": {
      "version": "1.0.2",
      "resolved": "https://registry.npmjs.org/@writetome51/set-array/-/set-array-1.0.2.tgz",
      "integrity": "sha512-+Q6sCvVmAqXQhj62Ldve2TpRuJQteN0VhNjBjv59Z9P47VB3jbSZBJlLcg0U+pTHsNhWNduN2KD85ynn5qWcKw==",
      "requires": {
        "error-if-values-are-not-arrays": "~1.0.2"
      }
    },
    "error-if-array-too-short-to-meet-adjacent-items-request": {
      "version": "1.0.1",
      "resolved": "https://registry.npmjs.org/error-if-array-too-short-to-meet-adjacent-items-request/-/error-if-array-too-short-to-meet-adjacent-items-request-1.0.1.tgz",
      "integrity": "sha512-mmZZM9/PhS1hrfCAHqNx5cSPdbMzph3nKL0AfpnOV1+NFrZW3Wy9ZvcB6CaDlnvjLcDru09RRUatp1RF8iVyMg=="
    },
    "error-if-index-how-many-or-array-are-not-valid": {
      "version": "1.0.1",
      "resolved": "https://registry.npmjs.org/error-if-index-how-many-or-array-are-not-valid/-/error-if-index-how-many-or-array-are-not-valid-1.0.1.tgz",
      "integrity": "sha512-eCOwZ8TxzhQ33FNIz/XWkZoeOXrxroPzUOc15gyRw6sCWV/o7vJ+iztdRiJrlA6IK0n6bbDU7S2M3D8FiK6Crg==",
      "requires": {
        "error-if-index-not-valid": "~1.0.0",
        "error-if-not-array": "~1.0.0",
        "error-if-not-integer-zero-or-greater": "~1.0.0"
      }
    },
    "error-if-index-not-valid": {
      "version": "1.0.0",
      "resolved": "https://registry.npmjs.org/error-if-index-not-valid/-/error-if-index-not-valid-1.0.0.tgz",
      "integrity": "sha512-jvm5tfD6XRd62V1UENmmmDpUefm7LfT5ksu5f+dbrRqDAZXZKK3KvqcHaIp78YhjZKUipAIZQSNKUpNQbY5Ktw==",
      "requires": {
        "@writetome51/index-is-valid": "~1.0.0"
      }
    },
    "error-if-not-array": {
      "version": "1.0.0",
      "resolved": "https://registry.npmjs.org/error-if-not-array/-/error-if-not-array-1.0.0.tgz",
      "integrity": "sha512-Rh2IEwUKK9+60FnaBBJxaLwF8V2NrQPOBSJQePZqzCNUp+n6ETIOfyA4tKfoN8xaCD2dawmiRMWKgErM6vjE8Q==",
      "requires": {
        "@writetome51/is-array-not-array": "~1.0.0"
      }
    },
    "error-if-not-finite-number": {
      "version": "1.0.0",
      "resolved": "https://registry.npmjs.org/error-if-not-finite-number/-/error-if-not-finite-number-1.0.0.tgz",
      "integrity": "sha512-/G8OPGiHP4NLTuXmx28oOGCuj+KSyoOcor5ON3j8IVVR7aDGVA2LbZzyQXRGS2BTaMt0GnROR7amgzpXku2H5w==",
      "requires": {
        "@writetome51/is-finite-number": "~1.0.0"
      }
    },
    "error-if-not-function": {
      "version": "1.0.0",
      "resolved": "https://registry.npmjs.org/error-if-not-function/-/error-if-not-function-1.0.0.tgz",
      "integrity": "sha512-YTpbEv9e+IbcnxpgM0MN1UHbwY0S3FQZ9nV3uQ3fpsl7IHZMeb7MIXksX0e1hYI61bTS6r4LBY8iuLSdsuuGgg=="
    },
    "error-if-not-integer": {
      "version": "1.0.0",
      "resolved": "https://registry.npmjs.org/error-if-not-integer/-/error-if-not-integer-1.0.0.tgz",
      "integrity": "sha512-Ut8ZDsm8/y1lB/rbByzZXbx61db7t2zh9LsjtsiIKFQiWhlZw3cFBMt0fU3DrakhVfZVD50txCX9gClde3abDw==",
      "requires": {
        "@writetome51/is-integer-is-float": "~1.0.0",
        "error-if-not-finite-number": "~1.0.0"
      }
    },
    "error-if-not-integer-zero-or-greater": {
      "version": "1.0.0",
      "resolved": "https://registry.npmjs.org/error-if-not-integer-zero-or-greater/-/error-if-not-integer-zero-or-greater-1.0.0.tgz",
      "integrity": "sha512-m+KocWV9yaF0eZaLbwtz8jD7cfpiZWqDc9cOLe/4QJfp/lpqlJUVan1CcbUsGciFwUYQdSybyy6gxD9jsDkSIw==",
      "requires": {
        "error-if-not-integer": "~1.0.0"
      }
    },
    "error-if-not-populated-array": {
      "version": "1.0.2",
      "resolved": "https://registry.npmjs.org/error-if-not-populated-array/-/error-if-not-populated-array-1.0.2.tgz",
      "integrity": "sha512-bFGX8NA1rc5WQIY7LYfUVXejHtdROdnCbg5lDS0d3cXsOMR9WQe1F5F50WhZdT5a+VlbNUw4Qfml4tMmQBDeHA==",
      "requires": {
        "@writetome51/is-empty-not-empty": "~1.0.0",
        "error-if-not-array": "~1.0.0"
      }
    },
    "error-if-not-primitive": {
      "version": "1.0.0",
      "resolved": "https://registry.npmjs.org/error-if-not-primitive/-/error-if-not-primitive-1.0.0.tgz",
      "integrity": "sha512-V3M5aAWFiO7nsfUI0wFoKOEcjdwbjYCA/AM4TuaL1kWLq5IJsXbUUc15/ARv58RilrLoJJI/bi5XCzW7BAlXXA=="
    },
    "error-if-not-primitive-or-array": {
      "version": "1.0.3",
      "resolved": "https://registry.npmjs.org/error-if-not-primitive-or-array/-/error-if-not-primitive-or-array-1.0.3.tgz",
      "integrity": "sha512-j0unGHb8Svzz86miOpmXLGeSfwl9FaPZmVWY4ymrC+1yzGatktL3k54lmhrRlTjrW9CbQ/NBe1E6Qp6Z4xaqAg==",
      "requires": {
        "@writetome51/is-array-not-array": "~1.0.0"
      }
    },
    "error-if-values-are-not-arrays": {
      "version": "1.0.3",
      "resolved": "https://registry.npmjs.org/error-if-values-are-not-arrays/-/error-if-values-are-not-arrays-1.0.3.tgz",
      "integrity": "sha512-YzO5HykTObGeEp33nVl6VSFOQWw5QJ7BH9YoSzLNZh+sx0TFVB+xDXVBb+OkYiTQuVDHDSFbWRQwXLiVv5EqEg==",
      "requires": {
        "error-if-not-array": "~1.0.0"
      }
    },
    "public-data-container-interface": {
      "version": "1.0.3",
      "resolved": "https://registry.npmjs.org/public-data-container-interface/-/public-data-container-interface-1.0.3.tgz",
      "integrity": "sha512-/Ol+b7P3E/utnNkr/dwXZaVyYKt0/MnWiUxTCZmmLIjhfeMInR6Ki8sHgW7ESdUbQ3SyHZK5u03K1ifnUcxIIw=="
    }
  }
}
